
Microsoft Visual Studio Solution File, Format Version 12.00
# Visual Studio Version 16
VisualStudioVersion = 16.0.30114.105
MinimumVisualStudioVersion = 10.0.40219.1
Project("{9A19103F-16F7-4668-BE54-9A1E7A4F7556}") = "cs", "cs.csproj", "{EB9E9B53-15BE-411B-AB62-D0A2BE867CF5}"
EndProject
Global
	GlobalSection(SolutionConfigurationPlatforms) = preSolution
		Debug|Any CPU = Debug|Any CPU
		Release|Any CPU = Release|Any CPU
	EndGlobalSection
	GlobalSection(ProjectConfigurationPlatforms) = postSolution
		{EB9E9B53-15BE-411B-AB62-D0A2BE867CF5}.Debug|Any CPU.ActiveCfg = Debug|Any CPU
		{EB9E9B53-15BE-411B-AB62-D0A2BE867CF5}.Debug|Any CPU.Build.0 = Debug|Any CPU
		{EB9E9B53-15BE-411B-AB62-D0A2BE867CF5}.Release|Any CPU.ActiveCfg = Release|Any CPU
		{EB9E9B53-15BE-411B-AB62-D0A2BE867CF5}.Release|Any CPU.Build.0 = Release|Any CPU
	EndGlobalSection
	GlobalSection(SolutionProperties) = preSolution
		HideSolutionNode = FALSE
	EndGlobalSection
	GlobalSection(ExtensibilityGlobals) = postSolution
		SolutionGuid = {025E69D9-81FA-496C-BEA4-4E14923A554D}
	EndGlobalSection
EndGlobal
